
Microsoft Visual Studio Solution File, Format Version 12.00
Project("{D954291E-2A0B-460D-934E-DC6B0785DB48}") = "M5N.Sdk", "src\M5N.Sdk\M5N.Sdk.csproj", "{2A9A2334-63B3-49A7-8254-8E7D021A7E39}"
EndProject
Project("{FAE04EC0-301F-11D3-BF4B-00C04F79EFBC}") = "M5N", "src/M5N/M5N.csproj", "{BF605845-161B-4ABD-A75D-685FCB6CF6B5}"
EndProject
Project("{FAE04EC0-301F-11D3-BF4B-00C04F79EFBC}") = "M5N.Master", "src\M5N.Master\M5N.Master.csproj", "{CCDACEDD-C51C-42B3-A6B6-E216A414D330}"
EndProject
Project("{FAE04EC0-301F-11D3-BF4B-00C04F79EFBC}") = "M5N.Slave", "src\M5N.Slave\M5N.Slave.csproj", "{48FC732D-8106-4E53-BA08-F7584ABB7411}"
EndProject
Project("{2150E333-8FDC-42A3-9474-1A3956D46DE8}") = "Shared", "Shared", "{C2B7633A-6B34-4071-9A8C-4976021372A9}"
EndProject
Project("{2150E333-8FDC-42A3-9474-1A3956D46DE8}") = "Executables", "Executables", "{74B1C88B-7E03-4F0F-98DE-F3BBE50D5564}"
EndProject
Project("{FAE04EC0-301F-11D3-BF4B-00C04F79EFBC}") = "M5N.Interop.Python", "src\M5N.Interop.Python\M5N.Interop.Python.csproj", "{E9A2AF0C-F121-4142-AB08-0853C39297F0}"
EndProject
Project("{FAE04EC0-301F-11D3-BF4B-00C04F79EFBC}") = "M5N.Interop", "src\M5N.Interop\M5N.Interop.csproj", "{CA21BC9E-5790-447C-ACF7-9B678609A12C}"
EndProject
Project("{FAE04EC0-301F-11D3-BF4B-00C04F79EFBC}") = "M5N.Interop.NativeLibrary", "src\M5N.Interop.NativeLibrary\M5N.Interop.NativeLibrary.csproj", "{E6832CC9-6113-40B7-8710-06B56801F6FB}"
EndProject
Global
	GlobalSection(SolutionConfigurationPlatforms) = preSolution
		Debug|Any CPU = Debug|Any CPU
		Release|Any CPU = Release|Any CPU
	EndGlobalSection
	GlobalSection(ProjectConfigurationPlatforms) = postSolution
		{BF605845-161B-4ABD-A75D-685FCB6CF6B5}.Debug|Any CPU.ActiveCfg = Debug|Any CPU
		{BF605845-161B-4ABD-A75D-685FCB6CF6B5}.Debug|Any CPU.Build.0 = Debug|Any CPU
		{BF605845-161B-4ABD-A75D-685FCB6CF6B5}.Release|Any CPU.ActiveCfg = Release|Any CPU
		{BF605845-161B-4ABD-A75D-685FCB6CF6B5}.Release|Any CPU.Build.0 = Release|Any CPU
		{CCDACEDD-C51C-42B3-A6B6-E216A414D330}.Debug|Any CPU.ActiveCfg = Debug|Any CPU
		{CCDACEDD-C51C-42B3-A6B6-E216A414D330}.Debug|Any CPU.Build.0 = Debug|Any CPU
		{CCDACEDD-C51C-42B3-A6B6-E216A414D330}.Release|Any CPU.ActiveCfg = Release|Any CPU
		{CCDACEDD-C51C-42B3-A6B6-E216A414D330}.Release|Any CPU.Build.0 = Release|Any CPU
		{48FC732D-8106-4E53-BA08-F7584ABB7411}.Debug|Any CPU.ActiveCfg = Debug|Any CPU
		{48FC732D-8106-4E53-BA08-F7584ABB7411}.Debug|Any CPU.Build.0 = Debug|Any CPU
		{48FC732D-8106-4E53-BA08-F7584ABB7411}.Release|Any CPU.ActiveCfg = Release|Any CPU
		{48FC732D-8106-4E53-BA08-F7584ABB7411}.Release|Any CPU.Build.0 = Release|Any CPU
		{2A9A2334-63B3-49A7-8254-8E7D021A7E39}.Debug|Any CPU.ActiveCfg = Debug|Any CPU
		{2A9A2334-63B3-49A7-8254-8E7D021A7E39}.Release|Any CPU.ActiveCfg = Release|Any CPU
		{2A9A2334-63B3-49A7-8254-8E7D021A7E39}.Debug|Any CPU.Build.0 = Debug|Any CPU
		{2A9A2334-63B3-49A7-8254-8E7D021A7E39}.Release|Any CPU.Build.0 = Release|Any CPU
		{E9A2AF0C-F121-4142-AB08-0853C39297F0}.Debug|Any CPU.ActiveCfg = Debug|Any CPU
		{E9A2AF0C-F121-4142-AB08-0853C39297F0}.Debug|Any CPU.Build.0 = Debug|Any CPU
		{E9A2AF0C-F121-4142-AB08-0853C39297F0}.Release|Any CPU.ActiveCfg = Release|Any CPU
		{E9A2AF0C-F121-4142-AB08-0853C39297F0}.Release|Any CPU.Build.0 = Release|Any CPU
		{CA21BC9E-5790-447C-ACF7-9B678609A12C}.Debug|Any CPU.ActiveCfg = Debug|Any CPU
		{CA21BC9E-5790-447C-ACF7-9B678609A12C}.Debug|Any CPU.Build.0 = Debug|Any CPU
		{CA21BC9E-5790-447C-ACF7-9B678609A12C}.Release|Any CPU.ActiveCfg = Release|Any CPU
		{CA21BC9E-5790-447C-ACF7-9B678609A12C}.Release|Any CPU.Build.0 = Release|Any CPU
		{E6832CC9-6113-40B7-8710-06B56801F6FB}.Debug|Any CPU.ActiveCfg = Debug|Any CPU
		{E6832CC9-6113-40B7-8710-06B56801F6FB}.Debug|Any CPU.Build.0 = Debug|Any CPU
		{E6832CC9-6113-40B7-8710-06B56801F6FB}.Release|Any CPU.ActiveCfg = Release|Any CPU
		{E6832CC9-6113-40B7-8710-06B56801F6FB}.Release|Any CPU.Build.0 = Release|Any CPU
	EndGlobalSection
	GlobalSection(NestedProjects) = preSolution
		{BF605845-161B-4ABD-A75D-685FCB6CF6B5} = {C2B7633A-6B34-4071-9A8C-4976021372A9}
		{2A9A2334-63B3-49A7-8254-8E7D021A7E39} = {C2B7633A-6B34-4071-9A8C-4976021372A9}
		{CCDACEDD-C51C-42B3-A6B6-E216A414D330} = {74B1C88B-7E03-4F0F-98DE-F3BBE50D5564}
		{48FC732D-8106-4E53-BA08-F7584ABB7411} = {74B1C88B-7E03-4F0F-98DE-F3BBE50D5564}
		{CA21BC9E-5790-447C-ACF7-9B678609A12C} = {C2B7633A-6B34-4071-9A8C-4976021372A9}
		{E6832CC9-6113-40B7-8710-06B56801F6FB} = {C2B7633A-6B34-4071-9A8C-4976021372A9}
		{E9A2AF0C-F121-4142-AB08-0853C39297F0} = {C2B7633A-6B34-4071-9A8C-4976021372A9}
	EndGlobalSection
EndGlobal
