
Microsoft Visual Studio Solution File, Format Version 12.00
# Visual Studio Version 17
VisualStudioVersion = 17.4.33020.496
MinimumVisualStudioVersion = 10.0.40219.1
Project("{D954291E-2A0B-460D-934E-DC6B0785DB48}") = "M5N.Sdk", "src\M5N.Sdk\M5N.Sdk.csproj", "{2A9A2334-63B3-49A7-8254-8E7D021A7E39}"
EndProject
Project("{9A19103F-16F7-4668-BE54-9A1E7A4F7556}") = "M5N", "src\M5N\M5N.csproj", "{BF605845-161B-4ABD-A75D-685FCB6CF6B5}"
EndProject
Project("{9A19103F-16F7-4668-BE54-9A1E7A4F7556}") = "M5N.Master", "src\M5N.Master\M5N.Master.csproj", "{CCDACEDD-C51C-42B3-A6B6-E216A414D330}"
EndProject
Project("{9A19103F-16F7-4668-BE54-9A1E7A4F7556}") = "M5N.Slave", "src\M5N.Slave\M5N.Slave.csproj", "{48FC732D-8106-4E53-BA08-F7584ABB7411}"
EndProject
Project("{2150E333-8FDC-42A3-9474-1A3956D46DE8}") = "Shared", "Shared", "{C2B7633A-6B34-4071-9A8C-4976021372A9}"
EndProject
Project("{2150E333-8FDC-42A3-9474-1A3956D46DE8}") = "Executables", "Executables", "{74B1C88B-7E03-4F0F-98DE-F3BBE50D5564}"
EndProject
Project("{9A19103F-16F7-4668-BE54-9A1E7A4F7556}") = "M5N.Interop.Python", "src\M5N.Interop.Python\M5N.Interop.Python.csproj", "{E9A2AF0C-F121-4142-AB08-0853C39297F0}"
EndProject
Project("{9A19103F-16F7-4668-BE54-9A1E7A4F7556}") = "M5N.Interop", "src\M5N.Interop\M5N.Interop.csproj", "{CA21BC9E-5790-447C-ACF7-9B678609A12C}"
EndProject
Project("{9A19103F-16F7-4668-BE54-9A1E7A4F7556}") = "M5N.Interop.NativeLibrary", "src\M5N.Interop.NativeLibrary\M5N.Interop.NativeLibrary.csproj", "{E6832CC9-6113-40B7-8710-06B56801F6FB}"
EndProject
Project("{8BC9CEB8-8B4A-11D0-8D11-00A0C91BC942}") = "M5N.Test.C", "test\c\M5N.Test.C.vcxproj", "{67C41375-79DE-4EDF-BADE-B6A9B67FE677}"
EndProject
Project("{2150E333-8FDC-42A3-9474-1A3956D46DE8}") = "Tests", "Tests", "{95F06E3B-4295-4C5E-9DAC-EBDDECD9154F}"
EndProject
Global
	GlobalSection(SolutionConfigurationPlatforms) = preSolution
		Debug|Any CPU = Debug|Any CPU
		Debug|x64 = Debug|x64
		Debug|x86 = Debug|x86
		Release|Any CPU = Release|Any CPU
		Release|x64 = Release|x64
		Release|x86 = Release|x86
	EndGlobalSection
	GlobalSection(ProjectConfigurationPlatforms) = postSolution
		{2A9A2334-63B3-49A7-8254-8E7D021A7E39}.Debug|Any CPU.ActiveCfg = Debug|Any CPU
		{2A9A2334-63B3-49A7-8254-8E7D021A7E39}.Debug|Any CPU.Build.0 = Debug|Any CPU
		{2A9A2334-63B3-49A7-8254-8E7D021A7E39}.Debug|x64.ActiveCfg = Debug|Any CPU
		{2A9A2334-63B3-49A7-8254-8E7D021A7E39}.Debug|x86.ActiveCfg = Debug|Any CPU
		{2A9A2334-63B3-49A7-8254-8E7D021A7E39}.Release|Any CPU.ActiveCfg = Release|Any CPU
		{2A9A2334-63B3-49A7-8254-8E7D021A7E39}.Release|Any CPU.Build.0 = Release|Any CPU
		{2A9A2334-63B3-49A7-8254-8E7D021A7E39}.Release|x64.ActiveCfg = Release|Any CPU
		{2A9A2334-63B3-49A7-8254-8E7D021A7E39}.Release|x86.ActiveCfg = Release|Any CPU
		{BF605845-161B-4ABD-A75D-685FCB6CF6B5}.Debug|Any CPU.ActiveCfg = Debug|Any CPU
		{BF605845-161B-4ABD-A75D-685FCB6CF6B5}.Debug|Any CPU.Build.0 = Debug|Any CPU
		{BF605845-161B-4ABD-A75D-685FCB6CF6B5}.Debug|x64.ActiveCfg = Debug|Any CPU
		{BF605845-161B-4ABD-A75D-685FCB6CF6B5}.Debug|x64.Build.0 = Debug|Any CPU
		{BF605845-161B-4ABD-A75D-685FCB6CF6B5}.Debug|x86.ActiveCfg = Debug|Any CPU
		{BF605845-161B-4ABD-A75D-685FCB6CF6B5}.Debug|x86.Build.0 = Debug|Any CPU
		{BF605845-161B-4ABD-A75D-685FCB6CF6B5}.Release|Any CPU.ActiveCfg = Release|Any CPU
		{BF605845-161B-4ABD-A75D-685FCB6CF6B5}.Release|Any CPU.Build.0 = Release|Any CPU
		{BF605845-161B-4ABD-A75D-685FCB6CF6B5}.Release|x64.ActiveCfg = Release|Any CPU
		{BF605845-161B-4ABD-A75D-685FCB6CF6B5}.Release|x64.Build.0 = Release|Any CPU
		{BF605845-161B-4ABD-A75D-685FCB6CF6B5}.Release|x86.ActiveCfg = Release|Any CPU
		{BF605845-161B-4ABD-A75D-685FCB6CF6B5}.Release|x86.Build.0 = Release|Any CPU
		{CCDACEDD-C51C-42B3-A6B6-E216A414D330}.Debug|Any CPU.ActiveCfg = Debug|Any CPU
		{CCDACEDD-C51C-42B3-A6B6-E216A414D330}.Debug|Any CPU.Build.0 = Debug|Any CPU
		{CCDACEDD-C51C-42B3-A6B6-E216A414D330}.Debug|x64.ActiveCfg = Debug|Any CPU
		{CCDACEDD-C51C-42B3-A6B6-E216A414D330}.Debug|x64.Build.0 = Debug|Any CPU
		{CCDACEDD-C51C-42B3-A6B6-E216A414D330}.Debug|x86.ActiveCfg = Debug|Any CPU
		{CCDACEDD-C51C-42B3-A6B6-E216A414D330}.Debug|x86.Build.0 = Debug|Any CPU
		{CCDACEDD-C51C-42B3-A6B6-E216A414D330}.Release|Any CPU.ActiveCfg = Release|Any CPU
		{CCDACEDD-C51C-42B3-A6B6-E216A414D330}.Release|Any CPU.Build.0 = Release|Any CPU
		{CCDACEDD-C51C-42B3-A6B6-E216A414D330}.Release|x64.ActiveCfg = Release|Any CPU
		{CCDACEDD-C51C-42B3-A6B6-E216A414D330}.Release|x64.Build.0 = Release|Any CPU
		{CCDACEDD-C51C-42B3-A6B6-E216A414D330}.Release|x86.ActiveCfg = Release|Any CPU
		{CCDACEDD-C51C-42B3-A6B6-E216A414D330}.Release|x86.Build.0 = Release|Any CPU
		{48FC732D-8106-4E53-BA08-F7584ABB7411}.Debug|Any CPU.ActiveCfg = Debug|Any CPU
		{48FC732D-8106-4E53-BA08-F7584ABB7411}.Debug|Any CPU.Build.0 = Debug|Any CPU
		{48FC732D-8106-4E53-BA08-F7584ABB7411}.Debug|x64.ActiveCfg = Debug|Any CPU
		{48FC732D-8106-4E53-BA08-F7584ABB7411}.Debug|x64.Build.0 = Debug|Any CPU
		{48FC732D-8106-4E53-BA08-F7584ABB7411}.Debug|x86.ActiveCfg = Debug|Any CPU
		{48FC732D-8106-4E53-BA08-F7584ABB7411}.Debug|x86.Build.0 = Debug|Any CPU
		{48FC732D-8106-4E53-BA08-F7584ABB7411}.Release|Any CPU.ActiveCfg = Release|Any CPU
		{48FC732D-8106-4E53-BA08-F7584ABB7411}.Release|Any CPU.Build.0 = Release|Any CPU
		{48FC732D-8106-4E53-BA08-F7584ABB7411}.Release|x64.ActiveCfg = Release|Any CPU
		{48FC732D-8106-4E53-BA08-F7584ABB7411}.Release|x64.Build.0 = Release|Any CPU
		{48FC732D-8106-4E53-BA08-F7584ABB7411}.Release|x86.ActiveCfg = Release|Any CPU
		{48FC732D-8106-4E53-BA08-F7584ABB7411}.Release|x86.Build.0 = Release|Any CPU
		{E9A2AF0C-F121-4142-AB08-0853C39297F0}.Debug|Any CPU.ActiveCfg = Debug|Any CPU
		{E9A2AF0C-F121-4142-AB08-0853C39297F0}.Debug|Any CPU.Build.0 = Debug|Any CPU
		{E9A2AF0C-F121-4142-AB08-0853C39297F0}.Debug|x64.ActiveCfg = Debug|Any CPU
		{E9A2AF0C-F121-4142-AB08-0853C39297F0}.Debug|x64.Build.0 = Debug|Any CPU
		{E9A2AF0C-F121-4142-AB08-0853C39297F0}.Debug|x86.ActiveCfg = Debug|Any CPU
		{E9A2AF0C-F121-4142-AB08-0853C39297F0}.Debug|x86.Build.0 = Debug|Any CPU
		{E9A2AF0C-F121-4142-AB08-0853C39297F0}.Release|Any CPU.ActiveCfg = Release|Any CPU
		{E9A2AF0C-F121-4142-AB08-0853C39297F0}.Release|Any CPU.Build.0 = Release|Any CPU
		{E9A2AF0C-F121-4142-AB08-0853C39297F0}.Release|x64.ActiveCfg = Release|Any CPU
		{E9A2AF0C-F121-4142-AB08-0853C39297F0}.Release|x64.Build.0 = Release|Any CPU
		{E9A2AF0C-F121-4142-AB08-0853C39297F0}.Release|x86.ActiveCfg = Release|Any CPU
		{E9A2AF0C-F121-4142-AB08-0853C39297F0}.Release|x86.Build.0 = Release|Any CPU
		{CA21BC9E-5790-447C-ACF7-9B678609A12C}.Debug|Any CPU.ActiveCfg = Debug|Any CPU
		{CA21BC9E-5790-447C-ACF7-9B678609A12C}.Debug|Any CPU.Build.0 = Debug|Any CPU
		{CA21BC9E-5790-447C-ACF7-9B678609A12C}.Debug|x64.ActiveCfg = Debug|Any CPU
		{CA21BC9E-5790-447C-ACF7-9B678609A12C}.Debug|x64.Build.0 = Debug|Any CPU
		{CA21BC9E-5790-447C-ACF7-9B678609A12C}.Debug|x86.ActiveCfg = Debug|Any CPU
		{CA21BC9E-5790-447C-ACF7-9B678609A12C}.Debug|x86.Build.0 = Debug|Any CPU
		{CA21BC9E-5790-447C-ACF7-9B678609A12C}.Release|Any CPU.ActiveCfg = Release|Any CPU
		{CA21BC9E-5790-447C-ACF7-9B678609A12C}.Release|Any CPU.Build.0 = Release|Any CPU
		{CA21BC9E-5790-447C-ACF7-9B678609A12C}.Release|x64.ActiveCfg = Release|Any CPU
		{CA21BC9E-5790-447C-ACF7-9B678609A12C}.Release|x64.Build.0 = Release|Any CPU
		{CA21BC9E-5790-447C-ACF7-9B678609A12C}.Release|x86.ActiveCfg = Release|Any CPU
		{CA21BC9E-5790-447C-ACF7-9B678609A12C}.Release|x86.Build.0 = Release|Any CPU
		{E6832CC9-6113-40B7-8710-06B56801F6FB}.Debug|Any CPU.ActiveCfg = Debug|Any CPU
		{E6832CC9-6113-40B7-8710-06B56801F6FB}.Debug|Any CPU.Build.0 = Debug|Any CPU
		{E6832CC9-6113-40B7-8710-06B56801F6FB}.Debug|x64.ActiveCfg = Debug|Any CPU
		{E6832CC9-6113-40B7-8710-06B56801F6FB}.Debug|x64.Build.0 = Debug|Any CPU
		{E6832CC9-6113-40B7-8710-06B56801F6FB}.Debug|x86.ActiveCfg = Debug|Any CPU
		{E6832CC9-6113-40B7-8710-06B56801F6FB}.Debug|x86.Build.0 = Debug|Any CPU
		{E6832CC9-6113-40B7-8710-06B56801F6FB}.Release|Any CPU.ActiveCfg = Release|Any CPU
		{E6832CC9-6113-40B7-8710-06B56801F6FB}.Release|Any CPU.Build.0 = Release|Any CPU
		{E6832CC9-6113-40B7-8710-06B56801F6FB}.Release|x64.ActiveCfg = Release|Any CPU
		{E6832CC9-6113-40B7-8710-06B56801F6FB}.Release|x64.Build.0 = Release|Any CPU
		{E6832CC9-6113-40B7-8710-06B56801F6FB}.Release|x86.ActiveCfg = Release|Any CPU
		{E6832CC9-6113-40B7-8710-06B56801F6FB}.Release|x86.Build.0 = Release|Any CPU
		{67C41375-79DE-4EDF-BADE-B6A9B67FE677}.Debug|Any CPU.ActiveCfg = Debug|x64
		{67C41375-79DE-4EDF-BADE-B6A9B67FE677}.Debug|Any CPU.Build.0 = Debug|x64
		{67C41375-79DE-4EDF-BADE-B6A9B67FE677}.Debug|x64.ActiveCfg = Debug|x64
		{67C41375-79DE-4EDF-BADE-B6A9B67FE677}.Debug|x64.Build.0 = Debug|x64
		{67C41375-79DE-4EDF-BADE-B6A9B67FE677}.Debug|x86.ActiveCfg = Debug|Win32
		{67C41375-79DE-4EDF-BADE-B6A9B67FE677}.Debug|x86.Build.0 = Debug|Win32
		{67C41375-79DE-4EDF-BADE-B6A9B67FE677}.Release|Any CPU.ActiveCfg = Release|x64
		{67C41375-79DE-4EDF-BADE-B6A9B67FE677}.Release|Any CPU.Build.0 = Release|x64
		{67C41375-79DE-4EDF-BADE-B6A9B67FE677}.Release|x64.ActiveCfg = Release|x64
		{67C41375-79DE-4EDF-BADE-B6A9B67FE677}.Release|x64.Build.0 = Release|x64
		{67C41375-79DE-4EDF-BADE-B6A9B67FE677}.Release|x86.ActiveCfg = Release|Win32
		{67C41375-79DE-4EDF-BADE-B6A9B67FE677}.Release|x86.Build.0 = Release|Win32
	EndGlobalSection
	GlobalSection(SolutionProperties) = preSolution
		HideSolutionNode = FALSE
	EndGlobalSection
	GlobalSection(NestedProjects) = preSolution
		{2A9A2334-63B3-49A7-8254-8E7D021A7E39} = {C2B7633A-6B34-4071-9A8C-4976021372A9}
		{BF605845-161B-4ABD-A75D-685FCB6CF6B5} = {C2B7633A-6B34-4071-9A8C-4976021372A9}
		{CCDACEDD-C51C-42B3-A6B6-E216A414D330} = {74B1C88B-7E03-4F0F-98DE-F3BBE50D5564}
		{48FC732D-8106-4E53-BA08-F7584ABB7411} = {74B1C88B-7E03-4F0F-98DE-F3BBE50D5564}
		{E9A2AF0C-F121-4142-AB08-0853C39297F0} = {C2B7633A-6B34-4071-9A8C-4976021372A9}
		{CA21BC9E-5790-447C-ACF7-9B678609A12C} = {C2B7633A-6B34-4071-9A8C-4976021372A9}
		{E6832CC9-6113-40B7-8710-06B56801F6FB} = {C2B7633A-6B34-4071-9A8C-4976021372A9}
		{67C41375-79DE-4EDF-BADE-B6A9B67FE677} = {95F06E3B-4295-4C5E-9DAC-EBDDECD9154F}
	EndGlobalSection
	GlobalSection(ExtensibilityGlobals) = postSolution
		SolutionGuid = {25FA16B8-FC76-4632-8D59-3A8F8517D860}
	EndGlobalSection
EndGlobal
